
Microsoft Visual Studio Solution File, Format Version 12.00
# Visual Studio Version 16
VisualStudioVersion = 16.0.30413.136
MinimumVisualStudioVersion = 10.0.40219.1
Project("{FAE04EC0-301F-11D3-BF4B-00C04F79EFBC}") = "Eumel.EmailCategorizer", "Eumel.EmailCategorizer\Eumel.EmailCategorizer.csproj", "{294D28B7-12B6-46BB-91FD-3AC0B11A5508}"
EndProject
Project("{FAE04EC0-301F-11D3-BF4B-00C04F79EFBC}") = "Eumel.EmailCategorizer.Tests", "Eumel.EmailCategorizer.Tests\Eumel.EmailCategorizer.Tests.csproj", "{3D64DDB9-7EDD-4E83-8E84-D4ACADEB4CF3}"
EndProject
Project("{FAE04EC0-301F-11D3-BF4B-00C04F79EFBC}") = "Eumel.CoreExtensions", "Eumel.CoreExtensions\Eumel.CoreExtensions.csproj", "{80FF468B-FC55-4FDE-B9D3-32938C4489A0}"
EndProject
Project("{FAE04EC0-301F-11D3-BF4B-00C04F79EFBC}") = "Eumel.CoreExtensions.Tests", "Eumel.CoreExtensions.Tests\Eumel.CoreExtensions.Tests.csproj", "{51252F7D-6219-49C1-94B0-578C241E71EE}"
EndProject
Global
	GlobalSection(SolutionConfigurationPlatforms) = preSolution
		Debug|Any CPU = Debug|Any CPU
		Release|Any CPU = Release|Any CPU
	EndGlobalSection
	GlobalSection(ProjectConfigurationPlatforms) = postSolution
		{294D28B7-12B6-46BB-91FD-3AC0B11A5508}.Debug|Any CPU.ActiveCfg = Debug|Any CPU
		{294D28B7-12B6-46BB-91FD-3AC0B11A5508}.Debug|Any CPU.Build.0 = Debug|Any CPU
		{294D28B7-12B6-46BB-91FD-3AC0B11A5508}.Release|Any CPU.ActiveCfg = Release|Any CPU
		{294D28B7-12B6-46BB-91FD-3AC0B11A5508}.Release|Any CPU.Build.0 = Release|Any CPU
		{3D64DDB9-7EDD-4E83-8E84-D4ACADEB4CF3}.Debug|Any CPU.ActiveCfg = Debug|Any CPU
		{3D64DDB9-7EDD-4E83-8E84-D4ACADEB4CF3}.Debug|Any CPU.Build.0 = Debug|Any CPU
		{3D64DDB9-7EDD-4E83-8E84-D4ACADEB4CF3}.Release|Any CPU.ActiveCfg = Release|Any CPU
		{3D64DDB9-7EDD-4E83-8E84-D4ACADEB4CF3}.Release|Any CPU.Build.0 = Release|Any CPU
		{80FF468B-FC55-4FDE-B9D3-32938C4489A0}.Debug|Any CPU.ActiveCfg = Debug|Any CPU
		{80FF468B-FC55-4FDE-B9D3-32938C4489A0}.Debug|Any CPU.Build.0 = Debug|Any CPU
		{80FF468B-FC55-4FDE-B9D3-32938C4489A0}.Release|Any CPU.ActiveCfg = Release|Any CPU
		{80FF468B-FC55-4FDE-B9D3-32938C4489A0}.Release|Any CPU.Build.0 = Release|Any CPU
		{51252F7D-6219-49C1-94B0-578C241E71EE}.Debug|Any CPU.ActiveCfg = Debug|Any CPU
		{51252F7D-6219-49C1-94B0-578C241E71EE}.Debug|Any CPU.Build.0 = Debug|Any CPU
		{51252F7D-6219-49C1-94B0-578C241E71EE}.Release|Any CPU.ActiveCfg = Release|Any CPU
		{51252F7D-6219-49C1-94B0-578C241E71EE}.Release|Any CPU.Build.0 = Release|Any CPU
	EndGlobalSection
	GlobalSection(SolutionProperties) = preSolution
		HideSolutionNode = FALSE
	EndGlobalSection
	GlobalSection(ExtensibilityGlobals) = postSolution
		SolutionGuid = {D8BFAA0C-79C8-47C7-A754-24D8468E537A}
	EndGlobalSection
EndGlobal
