
Microsoft Visual Studio Solution File, Format Version 12.00
# Visual Studio Version 16
VisualStudioVersion = 16.0.30413.136
MinimumVisualStudioVersion = 10.0.40219.1
Project("{FAE04EC0-301F-11D3-BF4B-00C04F79EFBC}") = "Eumel.CoreExtensions", "Eumel.CoreExtensions\Eumel.CoreExtensions.csproj", "{80FF468B-FC55-4FDE-B9D3-32938C4489A0}"
EndProject
Project("{FAE04EC0-301F-11D3-BF4B-00C04F79EFBC}") = "Eumel.CoreExtensions.Tests", "Eumel.CoreExtensions.Tests\Eumel.CoreExtensions.Tests.csproj", "{51252F7D-6219-49C1-94B0-578C241E71EE}"
EndProject
Project("{FAE04EC0-301F-11D3-BF4B-00C04F79EFBC}") = "Eumel.EmailCategorizerNG", "Eumel.EmailCategorizerNG\Eumel.EmailCategorizerNG.csproj", "{88879A74-2316-47E2-98CE-05FDC5507DDB}"
EndProject
Project("{FAE04EC0-301F-11D3-BF4B-00C04F79EFBC}") = "Eumel.EmailCategorizer.Core", "Eumel.EmailCategorizer.Core\Eumel.EmailCategorizer.Core.csproj", "{F897E368-10C0-4D83-8AFF-83F60D7BD599}"
EndProject
Project("{FAE04EC0-301F-11D3-BF4B-00C04F79EFBC}") = "Eumel.EmailCategorizer.Core.Tests", "Eumel.EmailCategorizer.Core.Tests\Eumel.EmailCategorizer.Core.Tests.csproj", "{FE0D3DAB-647F-4426-91C6-88958C575AB6}"
EndProject
Global
	GlobalSection(SolutionConfigurationPlatforms) = preSolution
		Debug|Any CPU = Debug|Any CPU
		Release|Any CPU = Release|Any CPU
	EndGlobalSection
	GlobalSection(ProjectConfigurationPlatforms) = postSolution
		{80FF468B-FC55-4FDE-B9D3-32938C4489A0}.Debug|Any CPU.ActiveCfg = Debug|Any CPU
		{80FF468B-FC55-4FDE-B9D3-32938C4489A0}.Debug|Any CPU.Build.0 = Debug|Any CPU
		{80FF468B-FC55-4FDE-B9D3-32938C4489A0}.Release|Any CPU.ActiveCfg = Release|Any CPU
		{80FF468B-FC55-4FDE-B9D3-32938C4489A0}.Release|Any CPU.Build.0 = Release|Any CPU
		{51252F7D-6219-49C1-94B0-578C241E71EE}.Debug|Any CPU.ActiveCfg = Debug|Any CPU
		{51252F7D-6219-49C1-94B0-578C241E71EE}.Debug|Any CPU.Build.0 = Debug|Any CPU
		{51252F7D-6219-49C1-94B0-578C241E71EE}.Release|Any CPU.ActiveCfg = Release|Any CPU
		{51252F7D-6219-49C1-94B0-578C241E71EE}.Release|Any CPU.Build.0 = Release|Any CPU
		{88879A74-2316-47E2-98CE-05FDC5507DDB}.Debug|Any CPU.ActiveCfg = Debug|Any CPU
		{88879A74-2316-47E2-98CE-05FDC5507DDB}.Debug|Any CPU.Build.0 = Debug|Any CPU
		{88879A74-2316-47E2-98CE-05FDC5507DDB}.Release|Any CPU.ActiveCfg = Release|Any CPU
		{88879A74-2316-47E2-98CE-05FDC5507DDB}.Release|Any CPU.Build.0 = Release|Any CPU
		{F897E368-10C0-4D83-8AFF-83F60D7BD599}.Debug|Any CPU.ActiveCfg = Debug|Any CPU
		{F897E368-10C0-4D83-8AFF-83F60D7BD599}.Debug|Any CPU.Build.0 = Debug|Any CPU
		{F897E368-10C0-4D83-8AFF-83F60D7BD599}.Release|Any CPU.ActiveCfg = Release|Any CPU
		{F897E368-10C0-4D83-8AFF-83F60D7BD599}.Release|Any CPU.Build.0 = Release|Any CPU
		{FE0D3DAB-647F-4426-91C6-88958C575AB6}.Debug|Any CPU.ActiveCfg = Debug|Any CPU
		{FE0D3DAB-647F-4426-91C6-88958C575AB6}.Debug|Any CPU.Build.0 = Debug|Any CPU
		{FE0D3DAB-647F-4426-91C6-88958C575AB6}.Release|Any CPU.ActiveCfg = Release|Any CPU
		{FE0D3DAB-647F-4426-91C6-88958C575AB6}.Release|Any CPU.Build.0 = Release|Any CPU
	EndGlobalSection
	GlobalSection(SolutionProperties) = preSolution
		HideSolutionNode = FALSE
	EndGlobalSection
	GlobalSection(ExtensibilityGlobals) = postSolution
		SolutionGuid = {D8BFAA0C-79C8-47C7-A754-24D8468E537A}
	EndGlobalSection
EndGlobal
